PODS:
  - AFNetworking (2.5.2):
    - AFNetworking/NSURLConnection (= 2.5.2)
    - AFNetworking/NSURLSession (= 2.5.2)
    - AFNetworking/Reachability (= 2.5.2)
    - AFNetworking/Security (= 2.5.2)
    - AFNetworking/Serialization (= 2.5.2)
    - AFNetworking/UIKit (= 2.5.2)
  - AFNetworking/NSURLConnection (2.5.2):
    - AFNetworking/Reachability
    - AFNetworking/Security
    - AFNetworking/Serialization
  - AFNetworking/NSURLSession (2.5.2):
    - AFNetworking/Reachability
    - AFNetworking/Security
    - AFNetworking/Serialization
  - AFNetworking/Reachability (2.5.2)
  - AFNetworking/Security (2.5.2)
  - AFNetworking/Serialization (2.5.2)
  - AFNetworking/UIKit (2.5.2):
    - AFNetworking/NSURLConnection
    - AFNetworking/NSURLSession
  - Bolts (1.1.4)
  - Facebook-iOS-SDK (3.23.2):
    - Bolts (~> 1.0)
  - FMDB (2.5):
    - FMDB/standard (= 2.5)
  - FMDB/common (2.5)
  - FMDB/standard (2.5):
    - FMDB/common
  - KIF (3.2.1):
    - KIF/XCTest (= 3.2.1)
  - KIF/XCTest (3.2.1)
  - MBProgressHUD (0.9.1)
  - Reachability (3.2)

DEPENDENCIES:
  - AFNetworking (~> 2.5.2)
  - Facebook-iOS-SDK (~> 3.23)
  - FMDB (~> 2.5)
  - KIF (~> 3.2.1)
  - MBProgressHUD (~> 0.9.1)
  - Reachability (~> 3.2)

SPEC CHECKSUMS:
  AFNetworking: fefbce9660acb17f48ae0011292d4da0f457bf36
  Bolts: f8e2f94edbf9fec7bb8de5ecaaa3aa6b7de6f64e
  Facebook-iOS-SDK: cd87f0b2f0c1d9574b44e8fa2baacc275524bac3
  FMDB: 96e8f1bcc1329e269330f99770ad4285d9003e52
  KIF: ef1691e54e1d969c3b4fd0b5b56a3d7ddf37f216
  MBProgressHUD: c47f2c166c126cf2ce36498d80f33e754d4e93ad
  Reachability: 33e18b67625424e47b6cde6d202dce689ad7af96

COCOAPODS: 0.36.3
